
Microsoft Visual Studio Solution File, Format Version 12.00
# Visual Studio Version 16
VisualStudioVersion = 16.0.33027.164
MinimumVisualStudioVersion = 10.0.40219.1
Project("{FAE04EC0-301F-11D3-BF4B-00C04F79EFBC}") = "UserRegistration", "UserRegistration.csproj", "{103FCBFB-C11E-464A-9720-0BF0D9AF91B5}"
EndProject
Global
	GlobalSection(SolutionConfigurationPlatforms) = preSolution
		Debug|Any CPU = Debug|Any CPU
		Release|Any CPU = Release|Any CPU
	EndGlobalSection
	GlobalSection(ProjectConfigurationPlatforms) = postSolution
		{103FCBFB-C11E-464A-9720-0BF0D9AF91B5}.Debug|Any CPU.ActiveCfg = Debug|Any CPU
		{103FCBFB-C11E-464A-9720-0BF0D9AF91B5}.Debug|Any CPU.Build.0 = Debug|Any CPU
		{103FCBFB-C11E-464A-9720-0BF0D9AF91B5}.Release|Any CPU.ActiveCfg = Release|Any CPU
		{103FCBFB-C11E-464A-9720-0BF0D9AF91B5}.Release|Any CPU.Build.0 = Release|Any CPU
	EndGlobalSection
	GlobalSection(SolutionProperties) = preSolution
		HideSolutionNode = FALSE
	EndGlobalSection
	GlobalSection(ExtensibilityGlobals) = postSolution
		SolutionGuid = {FDE0D438-094C-43EB-813F-38F1FE49B3CE}
	EndGlobalSection
EndGlobal
